
Microsoft Visual Studio Solution File, Format Version 12.00
# Visual Studio 15
VisualStudioVersion = 15.0.28307.271
MinimumVisualStudioVersion = 10.0.40219.1
Project("{FAE04EC0-301F-11D3-BF4B-00C04F79EFBC}") = "PAssignment.3(1-24)", "PAssignment.3(1-24)\PAssignment.3(1-24).csproj", "{0B99F725-6302-453A-9ACF-45E5DDC92EA4}"
EndProject
Global
	GlobalSection(SolutionConfigurationPlatforms) = preSolution
		Debug|Any CPU = Debug|Any CPU
		Release|Any CPU = Release|Any CPU
	EndGlobalSection
	GlobalSection(ProjectConfigurationPlatforms) = postSolution
		{0B99F725-6302-453A-9ACF-45E5DDC92EA4}.Debug|Any CPU.ActiveCfg = Debug|Any CPU
		{0B99F725-6302-453A-9ACF-45E5DDC92EA4}.Debug|Any CPU.Build.0 = Debug|Any CPU
		{0B99F725-6302-453A-9ACF-45E5DDC92EA4}.Release|Any CPU.ActiveCfg = Release|Any CPU
		{0B99F725-6302-453A-9ACF-45E5DDC92EA4}.Release|Any CPU.Build.0 = Release|Any CPU
	EndGlobalSection
	GlobalSection(SolutionProperties) = preSolution
		HideSolutionNode = FALSE
	EndGlobalSection
	GlobalSection(ExtensibilityGlobals) = postSolution
		SolutionGuid = {84C4EC1F-0DAA-4252-8139-B2FBF663F93B}
	EndGlobalSection
EndGlobal
