
Microsoft Visual Studio Solution File, Format Version 12.00
# Visual Studio 15
VisualStudioVersion = 15.0.28307.271
MinimumVisualStudioVersion = 10.0.40219.1
Project("{FAE04EC0-301F-11D3-BF4B-00C04F79EFBC}") = "PAssignment.1(1-24)", "PAssignment.1(1-24)\PAssignment.1(1-24).csproj", "{04CFDBE9-D16F-4FDA-AB91-7A56A9A94162}"
EndProject
Global
	GlobalSection(SolutionConfigurationPlatforms) = preSolution
		Debug|Any CPU = Debug|Any CPU
		Release|Any CPU = Release|Any CPU
	EndGlobalSection
	GlobalSection(ProjectConfigurationPlatforms) = postSolution
		{04CFDBE9-D16F-4FDA-AB91-7A56A9A94162}.Debug|Any CPU.ActiveCfg = Debug|Any CPU
		{04CFDBE9-D16F-4FDA-AB91-7A56A9A94162}.Debug|Any CPU.Build.0 = Debug|Any CPU
		{04CFDBE9-D16F-4FDA-AB91-7A56A9A94162}.Release|Any CPU.ActiveCfg = Release|Any CPU
		{04CFDBE9-D16F-4FDA-AB91-7A56A9A94162}.Release|Any CPU.Build.0 = Release|Any CPU
	EndGlobalSection
	GlobalSection(SolutionProperties) = preSolution
		HideSolutionNode = FALSE
	EndGlobalSection
	GlobalSection(ExtensibilityGlobals) = postSolution
		SolutionGuid = {918CBA93-8870-42FF-95E1-234EDA717ED9}
	EndGlobalSection
EndGlobal
